
Microsoft Visual Studio Solution File, Format Version 12.00
# Visual Studio Version 16
VisualStudioVersion = 16.0.30128.74
MinimumVisualStudioVersion = 10.0.40219.1
Project("{FAE04EC0-301F-11D3-BF4B-00C04F79EFBC}") = "MonkeSoundboard", "MonkeSoundboard.csproj", "{45F868A1-EA04-4CBA-A067-73B1AB878867}"
EndProject
Global
	GlobalSection(SolutionConfigurationPlatforms) = preSolution
		Debug|Any CPU = Debug|Any CPU
		Release|Any CPU = Release|Any CPU
	EndGlobalSection
	GlobalSection(ProjectConfigurationPlatforms) = postSolution
		{45F868A1-EA04-4CBA-A067-73B1AB878867}.Debug|Any CPU.ActiveCfg = Debug|Any CPU
		{45F868A1-EA04-4CBA-A067-73B1AB878867}.Debug|Any CPU.Build.0 = Debug|Any CPU
		{45F868A1-EA04-4CBA-A067-73B1AB878867}.Release|Any CPU.ActiveCfg = Release|Any CPU
		{45F868A1-EA04-4CBA-A067-73B1AB878867}.Release|Any CPU.Build.0 = Release|Any CPU
	EndGlobalSection
	GlobalSection(SolutionProperties) = preSolution
		HideSolutionNode = FALSE
	EndGlobalSection
	GlobalSection(ExtensibilityGlobals) = postSolution
		SolutionGuid = {520F678B-CA3A-4955-A44B-D400C1044F4F}
	EndGlobalSection
EndGlobal
